// !$*UTF8*$!
{
	archiveVersion = 1;
	classes = {
	};
	objectVersion = 50;
	objects = {

/* Begin PBXBuildFile section */
		95F951F12683940700D34425 /* AppDelegate.swift in Sources */ = {isa = PBXBuildFile; fileRef = 95F951F02683940700D34425 /* AppDelegate.swift */; };
		95F951F32683940700D34425 /* SceneDelegate.swift in Sources */ = {isa = PBXBuildFile; fileRef = 95F951F22683940700D34425 /* SceneDelegate.swift */; };
		95F951F52683940700D34425 /* ViewController.swift in Sources */ = {isa = PBXBuildFile; fileRef = 95F951F42683940700D34425 /* ViewController.swift */; };
		95F951F82683940700D34425 /* Main.storyboard in Resources */ = {isa = PBXBuildFile; fileRef = 95F951F62683940700D34425 /* Main.storyboard */; };
		95F951FA2683940900D34425 /* Assets.xcassets in Resources */ = {isa = PBXBuildFile; fileRef = 95F951F92683940900D34425 /* Assets.xcassets */; };
		95F951FD2683940900D34425 /* LaunchScreen.storyboard in Resources */ = {isa = PBXBuildFile; fileRef = 95F951FB2683940900D34425 /* LaunchScreen.storyboard */; };
		D912BA74443E13594A0CAC6F /* Pods_SwiftLintTest.framework in Frameworks */ = {isa = PBXBuildFile; fileRef = A2CB81308C5A784583C6CC31 /* Pods_SwiftLintTest.framework */; };
/* End PBXBuildFile section */

/* Begin PBXFileReference section */
		8BC538DE658F71DCAAFE9137 /* Pods-SwiftLintTest.debug.xcconfig */ = {isa = PBXFileReference; includeInIndex = 1; lastKnownFileType = text.xcconfig; name = "Pods-SwiftLintTest.debug.xcconfig"; path = "Target Support Files/Pods-SwiftLintTest/Pods-SwiftLintTest.debug.xcconfig"; sourceTree = "<group>"; };
		95F951ED2683940700D34425 /* SwiftLintTest.app */ = {isa = PBXFileReference; explicitFileType = wrapper.application; includeInIndex = 0; path = SwiftLintTest.app; sourceTree = BUILT_PRODUCTS_DIR; };
		95F951F02683940700D34425 /* AppDelegate.swift */ = {isa = PBXFileReference; lastKnownFileType = sourcecode.swift; path = AppDelegate.swift; sourceTree = "<group>"; };
		95F951F22683940700D34425 /* SceneDelegate.swift */ = {isa = PBXFileReference; lastKnownFileType = sourcecode.swift; path = SceneDelegate.swift; sourceTree = "<group>"; };
		95F951F42683940700D34425 /* ViewController.swift */ = {isa = PBXFileReference; lastKnownFileType = sourcecode.swift; path = ViewController.swift; sourceTree = "<group>"; };
		95F951F72683940700D34425 /* Base */ = {isa = PBXFileReference; lastKnownFileType = file.storyboard; name = Base; path = Base.lproj/Main.storyboard; sourceTree = "<group>"; };
		95F951F92683940900D34425 /* Assets.xcassets */ = {isa = PBXFileReference; lastKnownFileType = folder.assetcatalog; path = Assets.xcassets; sourceTree = "<group>"; };
		95F951FC2683940900D34425 /* Base */ = {isa = PBXFileReference; lastKnownFileType = file.storyboard; name = Base; path = Base.lproj/LaunchScreen.storyboard; sourceTree = "<group>"; };
		95F951FE2683940900D34425 /* Info.plist */ = {isa = PBXFileReference; lastKnownFileType = text.plist.xml; path = Info.plist; sourceTree = "<group>"; };
		A2CB81308C5A784583C6CC31 /* Pods_SwiftLintTest.framework */ = {isa = PBXFileReference; explicitFileType = wrapper.framework; includeInIndex = 0; path = Pods_SwiftLintTest.framework; sourceTree = BUILT_PRODUCTS_DIR; };
		BC4C56FFAFC7174C0B694F51 /* Pods-SwiftLintTest.release.xcconfig */ = {isa = PBXFileReference; includeInIndex = 1; lastKnownFileType = text.xcconfig; name = "Pods-SwiftLintTest.release.xcconfig"; path = "Target Support Files/Pods-SwiftLintTest/Pods-SwiftLintTest.release.xcconfig"; sourceTree = "<group>"; };
/* End PBXFileReference section */

/* Begin PBXFrameworksBuildPhase section */
		95F951EA2683940700D34425 /* Frameworks */ = {
			isa = PBXFrameworksBuildPhase;
			buildActionMask = 2147483647;
			files = (
				D912BA74443E13594A0CAC6F /* Pods_SwiftLintTest.framework in Frameworks */,
			);
			runOnlyForDeploymentPostprocessing = 0;
		};
/* End PBXFrameworksBuildPhase section */

/* Begin PBXGroup section */
		7579912E4D668EDF8399A7A8 /* Frameworks */ = {
			isa = PBXGroup;
			children = (
				A2CB81308C5A784583C6CC31 /* Pods_SwiftLintTest.framework */,
			);
			name = Frameworks;
			sourceTree = "<group>";
		};
		954EE0BB503D52BD14BC7AFE /* Pods */ = {
			isa = PBXGroup;
			children = (
				8BC538DE658F71DCAAFE9137 /* Pods-SwiftLintTest.debug.xcconfig */,
				BC4C56FFAFC7174C0B694F51 /* Pods-SwiftLintTest.release.xcconfig */,
			);
			path = Pods;
			sourceTree = "<group>";
		};
		95F951E42683940700D34425 = {
			isa = PBXGroup;
			children = (
				95F951EF2683940700D34425 /* SwiftLintTest */,
				95F951EE2683940700D34425 /* Products */,
				954EE0BB503D52BD14BC7AFE /* Pods */,
				7579912E4D668EDF8399A7A8 /* Frameworks */,
			);
			sourceTree = "<group>";
		};
		95F951EE2683940700D34425 /* Products */ = {
			isa = PBXGroup;
			children = (
				95F951ED2683940700D34425 /* SwiftLintTest.app */,
			);
			name = Products;
			sourceTree = "<group>";
		};
		95F951EF2683940700D34425 /* SwiftLintTest */ = {
			isa = PBXGroup;
			children = (
				95F951F02683940700D34425 /* AppDelegate.swift */,
				95F951F22683940700D34425 /* SceneDelegate.swift */,
				95F951F42683940700D34425 /* ViewController.swift */,
				95F951F62683940700D34425 /* Main.storyboard */,
				95F951F92683940900D34425 /* Assets.xcassets */,
				95F951FB2683940900D34425 /* LaunchScreen.storyboard */,
				95F951FE2683940900D34425 /* Info.plist */,
			);
			path = SwiftLintTest;
			sourceTree = "<group>";
		};
/* End PBXGroup section */

/* Begin PBXNativeTarget section */
		95F951EC2683940700D34425 /* SwiftLintTest */ = {
			isa = PBXNativeTarget;
			buildConfigurationList = 95F952012683940900D34425 /* Build configuration list for PBXNativeTarget "SwiftLintTest" */;
			buildPhases = (
				BB96CEFC18C4864AF466FE37 /* [CP] Check Pods Manifest.lock */,
				95F952052683979200D34425 /* ShellScript */,
				95F951E92683940700D34425 /* Sources */,
				95F951EA2683940700D34425 /* Frameworks */,
				95F951EB2683940700D34425 /* Resources */,
			);
			buildRules = (
			);
			dependencies = (
			);
			name = SwiftLintTest;
			productName = SwiftLintTest;
			productReference = 95F951ED2683940700D34425 /* SwiftLintTest.app */;
			productType = "com.apple.product-type.application";
		};
/* End PBXNativeTarget section */

/* Begin PBXProject section */
		95F951E52683940700D34425 /* Project object */ = {
			isa = PBXProject;
			attributes = {
				LastSwiftUpdateCheck = 1250;
				LastUpgradeCheck = 1250;
				TargetAttributes = {
					95F951EC2683940700D34425 = {
						CreatedOnToolsVersion = 12.5;
					};
				};
			};
			buildConfigurationList = 95F951E82683940700D34425 /* Build configuration list for PBXProject "SwiftLintTest" */;
			compatibilityVersion = "Xcode 9.3";
			developmentRegion = en;
			hasScannedForEncodings = 0;
			knownRegions = (
				en,
				Base,
			);
			mainGroup = 95F951E42683940700D34425;
			productRefGroup = 95F951EE2683940700D34425 /* Products */;
			projectDirPath = "";
			projectRoot = "";
			targets = (
				95F951EC2683940700D34425 /* SwiftLintTest */,
			);
		};
/* End PBXProject section */

/* Begin PBXResourcesBuildPhase section */
		95F951EB2683940700D34425 /* Resources */ = {
			isa = PBXResourcesBuildPhase;
			buildActionMask = 2147483647;
			files = (
				95F951FD2683940900D34425 /* LaunchScreen.storyboard in Resources */,
				95F951FA2683940900D34425 /* Assets.xcassets in Resources */,
				95F951F82683940700D34425 /* Main.storyboard in Resources */,
			);
			runOnlyForDeploymentPostprocessing = 0;
		};
/* End PBXResourcesBuildPhase section */

/* Begin PBXShellScriptBuildPhase section */
		95F952052683979200D34425 /* ShellScript */ = {
			isa = PBXShellScriptBuildPhase;
			buildActionMask = 2147483647;
			files = (
			);
			inputFileListPaths = (
			);
			inputPaths = (
			);
			outputFileListPaths = (
			);
			outputPaths = (
			);
			runOnlyForDeploymentPostprocessing = 0;
			shellPath = /bin/sh;
			shellScript = "if which swiftlint >/dev/null; then\n  swiftlint\nelse\n  echo \"warning: SwiftLint not installed, download from https://github.com/realm/SwiftLint\"\nfi\n\n\"${PODS_ROOT}/SwiftLint/swiftlint\"\n";
		};
		BB96CEFC18C4864AF466FE37 /* [CP] Check Pods Manifest.lock */ = {
			isa = PBXShellScriptBuildPhase;
			buildActionMask = 2147483647;
			files = (
			);
			inputFileListPaths = (
			);
			inputPaths = (
				"${PODS_PODFILE_DIR_PATH}/Podfile.lock",
				"${PODS_ROOT}/Manifest.lock",
			);
			name = "[CP] Check Pods Manifest.lock";
			outputFileListPaths = (
			);
			outputPaths = (
				"$(DERIVED_FILE_DIR)/Pods-SwiftLintTest-checkManifestLockResult.txt",
			);
			runOnlyForDeploymentPostprocessing = 0;
			shellPath = /bin/sh;
			shellScript = "diff \"${PODS_PODFILE_DIR_PATH}/Podfile.lock\" \"${PODS_ROOT}/Manifest.lock\" > /dev/null\nif [ $? != 0 ] ; then\n    # print error to STDERR\n    echo \"error: The sandbox is not in sync with the Podfile.lock. Run 'pod install' or update your CocoaPods installation.\" >&2\n    exit 1\nfi\n# This output is used by Xcode 'outputs' to avoid re-running this script phase.\necho \"SUCCESS\" > \"${SCRIPT_OUTPUT_FILE_0}\"\n";
			showEnvVarsInLog = 0;
		};
/* End PBXShellScriptBuildPhase section */

/* Begin PBXSourcesBuildPhase section */
		95F951E92683940700D34425 /* Sources */ = {
			isa = PBXSourcesBuildPhase;
			buildActionMask = 2147483647;
			files = (
				95F951F52683940700D34425 /* ViewController.swift in Sources */,
				95F951F12683940700D34425 /* AppDelegate.swift in Sources */,
				95F951F32683940700D34425 /* SceneDelegate.swift in Sources */,
			);
			runOnlyForDeploymentPostprocessing = 0;
		};
/* End PBXSourcesBuildPhase section */

/* Begin PBXVariantGroup section */
		95F951F62683940700D34425 /* Main.storyboard */ = {
			isa = PBXVariantGroup;
			children = (
				95F951F72683940700D34425 /* Base */,
			);
			name = Main.storyboard;
			sourceTree = "<group>";
		};
		95F951FB2683940900D34425 /* LaunchScreen.storyboard */ = {
			isa = PBXVariantGroup;
			children = (
				95F951FC2683940900D34425 /* Base */,
			);
			name = LaunchScreen.storyboard;
			sourceTree = "<group>";
		};
/* End PBXVariantGroup section */

/* Begin XCBuildConfiguration section */
		95F951FF2683940900D34425 /* Debug */ = {
			isa = XCBuildConfiguration;
			buildSettings = {
				ALWAYS_SEARCH_USER_PATHS = NO;
				CLANG_ANALYZER_NONNULL = YES;
				CLANG_ANALYZER_NUMBER_OBJECT_CONVERSION = YES_AGGRESSIVE;
				CLANG_CXX_LANGUAGE_STANDARD = "gnu++14";
				CLANG_CXX_LIBRARY = "libc++";
				CLANG_ENABLE_MODULES = YES;
				CLANG_ENABLE_OBJC_ARC = YES;
				CLANG_ENABLE_OBJC_WEAK = YES;
				CLANG_WARN_BLOCK_CAPTURE_AUTORELEASING = YES;
				CLANG_WARN_BOOL_CONVERSION = YES;
				CLANG_WARN_COMMA = YES;
				CLANG_WARN_CONSTANT_CONVERSION = YES;
				CLANG_WARN_DEPRECATED_OBJC_IMPLEMENTATIONS = YES;
				CLANG_WARN_DIRECT_OBJC_ISA_USAGE = YES_ERROR;
				CLANG_WARN_DOCUMENTATION_COMMENTS = YES;
				CLANG_WARN_EMPTY_BODY = YES;
				CLANG_WARN_ENUM_CONVERSION = YES;
				CLANG_WARN_INFINITE_RECURSION = YES;
				CLANG_WARN_INT_CONVERSION = YES;
				CLANG_WARN_NON_LITERAL_NULL_CONVERSION = YES;
				CLANG_WARN_OBJC_IMPLICIT_RETAIN_SELF = YES;
				CLANG_WARN_OBJC_LITERAL_CONVERSION = YES;
				CLANG_WARN_OBJC_ROOT_CLASS = YES_ERROR;
				CLANG_WARN_QUOTED_INCLUDE_IN_FRAMEWORK_HEADER = YES;
				CLANG_WARN_RANGE_LOOP_ANALYSIS = YES;
				CLANG_WARN_STRICT_PROTOTYPES = YES;
				CLANG_WARN_SUSPICIOUS_MOVE = YES;
				CLANG_WARN_UNGUARDED_AVAILABILITY = YES_AGGRESSIVE;
				CLANG_WARN_UNREACHABLE_CODE = YES;
				CLANG_WARN__DUPLICATE_METHOD_MATCH = YES;
				COPY_PHASE_STRIP = NO;
				DEBUG_INFORMATION_FORMAT = dwarf;
				ENABLE_STRICT_OBJC_MSGSEND = YES;
				ENABLE_TESTABILITY = YES;
				GCC_C_LANGUAGE_STANDARD = gnu11;
				GCC_DYNAMIC_NO_PIC = NO;
				GCC_NO_COMMON_BLOCKS = YES;
				GCC_OPTIMIZATION_LEVEL = 0;
				GCC_PREPROCESSOR_DEFINITIONS = (
					"DEBUG=1",
					"$(inherited)",
				);
				GCC_WARN_64_TO_32_BIT_CONVERSION = YES;
				GCC_WARN_ABOUT_RETURN_TYPE = YES_ERROR;
				GCC_WARN_UNDECLARED_SELECTOR = YES;
				GCC_WARN_UNINITIALIZED_AUTOS = YES_AGGRESSIVE;
				GCC_WARN_UNUSED_FUNCTION = YES;
				GCC_WARN_UNUSED_VARIABLE = YES;
				IPHONEOS_DEPLOYMENT_TARGET = 14.5;
				MTL_ENABLE_DEBUG_INFO = INCLUDE_SOURCE;
				MTL_FAST_MATH = YES;
				ONLY_ACTIVE_ARCH = YES;
				SDKROOT = iphoneos;
				SWIFT_ACTIVE_COMPILATION_CONDITIONS = DEBUG;
				SWIFT_OPTIMIZATION_LEVEL = "-Onone";
			};
			name = Debug;
		};
		95F952002683940900D34425 /* Release */ = {
			isa = XCBuildConfiguration;
			buildSettings = {
				ALWAYS_SEARCH_USER_PATHS = NO;
				CLANG_ANALYZER_NONNULL = YES;
				CLANG_ANALYZER_NUMBER_OBJECT_CONVERSION = YES_AGGRESSIVE;
				CLANG_CXX_LANGUAGE_STANDARD = "gnu++14";
				CLANG_CXX_LIBRARY = "libc++";
				CLANG_ENABLE_MODULES = YES;
				CLANG_ENABLE_OBJC_ARC = YES;
				CLANG_ENABLE_OBJC_WEAK = YES;
				CLANG_WARN_BLOCK_CAPTURE_AUTORELEASING = YES;
				CLANG_WARN_BOOL_CONVERSION = YES;
				CLANG_WARN_COMMA = YES;
				CLANG_WARN_CONSTANT_CONVERSION = YES;
				CLANG_WARN_DEPRECATED_OBJC_IMPLEMENTATIONS = YES;
				CLANG_WARN_DIRECT_OBJC_ISA_USAGE = YES_ERROR;
				CLANG_WARN_DOCUMENTATION_COMMENTS = YES;
				CLANG_WARN_EMPTY_BODY = YES;
				CLANG_WARN_ENUM_CONVERSION = YES;
				CLANG_WARN_INFINITE_RECURSION = YES;
				CLANG_WARN_INT_CONVERSION = YES;
				CLANG_WARN_NON_LITERAL_NULL_CONVERSION = YES;
				CLANG_WARN_OBJC_IMPLICIT_RETAIN_SELF = YES;
				CLANG_WARN_OBJC_LITERAL_CONVERSION = YES;
				CLANG_WARN_OBJC_ROOT_CLASS = YES_ERROR;
				CLANG_WARN_QUOTED_INCLUDE_IN_FRAMEWORK_HEADER = YES;
				CLANG_WARN_RANGE_LOOP_ANALYSIS = YES;
				CLANG_WARN_STRICT_PROTOTYPES = YES;
				CLANG_WARN_SUSPICIOUS_MOVE = YES;
				CLANG_WARN_UNGUARDED_AVAILABILITY = YES_AGGRESSIVE;
				CLANG_WARN_UNREACHABLE_CODE = YES;
				CLANG_WARN__DUPLICATE_METHOD_MATCH = YES;
				COPY_PHASE_STRIP = NO;
				DEBUG_INFORMATION_FORMAT = "dwarf-with-dsym";
				ENABLE_NS_ASSERTIONS = NO;
				ENABLE_STRICT_OBJC_MSGSEND = YES;
				GCC_C_LANGUAGE_STANDARD = gnu11;
				GCC_NO_COMMON_BLOCKS = YES;
				GCC_WARN_64_TO_32_BIT_CONVERSION = YES;
				GCC_WARN_ABOUT_RETURN_TYPE = YES_ERROR;
				GCC_WARN_UNDECLARED_SELECTOR = YES;
				GCC_WARN_UNINITIALIZED_AUTOS = YES_AGGRESSIVE;
				GCC_WARN_UNUSED_FUNCTION = YES;
				GCC_WARN_UNUSED_VARIABLE = YES;
				IPHONEOS_DEPLOYMENT_TARGET = 14.5;
				MTL_ENABLE_DEBUG_INFO = NO;
				MTL_FAST_MATH = YES;
				SDKROOT = iphoneos;
				SWIFT_COMPILATION_MODE = wholemodule;
				SWIFT_OPTIMIZATION_LEVEL = "-O";
				VALIDATE_PRODUCT = YES;
			};
			name = Release;
		};
		95F952022683940900D34425 /* Debug */ = {
			isa = XCBuildConfiguration;
			baseConfigurationReference = 8BC538DE658F71DCAAFE9137 /* Pods-SwiftLintTest.debug.xcconfig */;
			buildSettings = {
				ASSETCATALOG_COMPILER_APPICON_NAME = AppIcon;
				ASSETCATALOG_COMPILER_GLOBAL_ACCENT_COLOR_NAME = AccentColor;
				CODE_SIGN_STYLE = Automatic;
				DEVELOPMENT_TEAM = VHY8M3BHZD;
				INFOPLIST_FILE = SwiftLintTest/Info.plist;
				LD_RUNPATH_SEARCH_PATHS = (
					"$(inherited)",
					"@executable_path/Frameworks",
				);
				PRODUCT_BUNDLE_IDENTIFIER = jeannchuab.SwiftLintTest;
				PRODUCT_NAME = "$(TARGET_NAME)";
				SWIFT_VERSION = 5.0;
				TARGETED_DEVICE_FAMILY = "1,2";
			};
			name = Debug;
		};
		95F952032683940900D34425 /* Release */ = {
			isa = XCBuildConfiguration;
			baseConfigurationReference = BC4C56FFAFC7174C0B694F51 /* Pods-SwiftLintTest.release.xcconfig */;
			buildSettings = {
				ASSETCATALOG_COMPILER_APPICON_NAME = AppIcon;
				ASSETCATALOG_COMPILER_GLOBAL_ACCENT_COLOR_NAME = AccentColor;
				CODE_SIGN_STYLE = Automatic;
				DEVELOPMENT_TEAM = VHY8M3BHZD;
				INFOPLIST_FILE = SwiftLintTest/Info.plist;
				LD_RUNPATH_SEARCH_PATHS = (
					"$(inherited)",
					"@executable_path/Frameworks",
				);
				PRODUCT_BUNDLE_IDENTIFIER = jeannchuab.SwiftLintTest;
				PRODUCT_NAME = "$(TARGET_NAME)";
				SWIFT_VERSION = 5.0;
				TARGETED_DEVICE_FAMILY = "1,2";
			};
			name = Release;
		};
/* End XCBuildConfiguration section */

/* Begin XCConfigurationList section */
		95F951E82683940700D34425 /* Build configuration list for PBXProject "SwiftLintTest" */ = {
			isa = XCConfigurationList;
			buildConfigurations = (
				95F951FF2683940900D34425 /* Debug */,
				95F952002683940900D34425 /* Release */,
			);
			defaultConfigurationIsVisible = 0;
			defaultConfigurationName = Release;
		};
		95F952012683940900D34425 /* Build configuration list for PBXNativeTarget "SwiftLintTest" */ = {
			isa = XCConfigurationList;
			buildConfigurations = (
				95F952022683940900D34425 /* Debug */,
				95F952032683940900D34425 /* Release */,
			);
			defaultConfigurationIsVisible = 0;
			defaultConfigurationName = Release;
		};
/* End XCConfigurationList section */
	};
	rootObject = 95F951E52683940700D34425 /* Project object */;
}
