// !$*UTF8*$!
{
	archiveVersion = 1;
	classes = {
	};
	objectVersion = 56;
	objects = {

/* Begin PBXBuildFile section */
		0F0BF9022AB0BA8100D0DBBE /* Apollo in Frameworks */ = {isa = PBXBuildFile; productRef = 0F0BF9012AB0BA8100D0DBBE /* Apollo */; };
		0F0BF9042AB0BA8100D0DBBE /* Apollo-Dynamic in Frameworks */ = {isa = PBXBuildFile; productRef = 0F0BF9032AB0BA8100D0DBBE /* Apollo-Dynamic */; };
		0F0BF9062AB0BA8100D0DBBE /* ApolloAPI in Frameworks */ = {isa = PBXBuildFile; productRef = 0F0BF9052AB0BA8100D0DBBE /* ApolloAPI */; };
		0F0BF9082AB0BA8100D0DBBE /* ApolloCodegenLib in Frameworks */ = {isa = PBXBuildFile; productRef = 0F0BF9072AB0BA8100D0DBBE /* ApolloCodegenLib */; };
		0F0BF90A2AB0BA8100D0DBBE /* ApolloSQLite in Frameworks */ = {isa = PBXBuildFile; productRef = 0F0BF9092AB0BA8100D0DBBE /* ApolloSQLite */; };
		0F0BF90C2AB0BA8100D0DBBE /* ApolloTestSupport in Frameworks */ = {isa = PBXBuildFile; productRef = 0F0BF90B2AB0BA8100D0DBBE /* ApolloTestSupport */; };
		0F0BF90E2AB0BA8100D0DBBE /* ApolloWebSocket in Frameworks */ = {isa = PBXBuildFile; productRef = 0F0BF90D2AB0BA8100D0DBBE /* ApolloWebSocket */; };
		0F0BF9102AB0BA8100D0DBBE /* apollo-ios-cli in Frameworks */ = {isa = PBXBuildFile; productRef = 0F0BF90F2AB0BA8100D0DBBE /* apollo-ios-cli */; };
		0FA194202AB0B82100C33CBF /* GraphQLCountryApp.swift in Sources */ = {isa = PBXBuildFile; fileRef = 0FA1941F2AB0B82100C33CBF /* GraphQLCountryApp.swift */; };
		0FA194222AB0B82100C33CBF /* ContentView.swift in Sources */ = {isa = PBXBuildFile; fileRef = 0FA194212AB0B82100C33CBF /* ContentView.swift */; };
		0FA194242AB0B82300C33CBF /* Assets.xcassets in Resources */ = {isa = PBXBuildFile; fileRef = 0FA194232AB0B82300C33CBF /* Assets.xcassets */; };
		0FA194272AB0B82300C33CBF /* Preview Assets.xcassets in Resources */ = {isa = PBXBuildFile; fileRef = 0FA194262AB0B82300C33CBF /* Preview Assets.xcassets */; };
		0FA1942F2AB0B84D00C33CBF /* Apollo.swift in Sources */ = {isa = PBXBuildFile; fileRef = 0FA1942E2AB0B84D00C33CBF /* Apollo.swift */; };
/* End PBXBuildFile section */

/* Begin PBXFileReference section */
		0FA1941C2AB0B82100C33CBF /* GraphQLCountry.app */ = {isa = PBXFileReference; explicitFileType = wrapper.application; includeInIndex = 0; path = GraphQLCountry.app; sourceTree = BUILT_PRODUCTS_DIR; };
		0FA1941F2AB0B82100C33CBF /* GraphQLCountryApp.swift */ = {isa = PBXFileReference; lastKnownFileType = sourcecode.swift; path = GraphQLCountryApp.swift; sourceTree = "<group>"; };
		0FA194212AB0B82100C33CBF /* ContentView.swift */ = {isa = PBXFileReference; lastKnownFileType = sourcecode.swift; path = ContentView.swift; sourceTree = "<group>"; };
		0FA194232AB0B82300C33CBF /* Assets.xcassets */ = {isa = PBXFileReference; lastKnownFileType = folder.assetcatalog; path = Assets.xcassets; sourceTree = "<group>"; };
		0FA194262AB0B82300C33CBF /* Preview Assets.xcassets */ = {isa = PBXFileReference; lastKnownFileType = folder.assetcatalog; path = "Preview Assets.xcassets"; sourceTree = "<group>"; };
		0FA1942E2AB0B84D00C33CBF /* Apollo.swift */ = {isa = PBXFileReference; lastKnownFileType = sourcecode.swift; path = Apollo.swift; sourceTree = "<group>"; };
		0FA194302AB0B87F00C33CBF /* Queries.graphql */ = {isa = PBXFileReference; lastKnownFileType = text; path = Queries.graphql; sourceTree = "<group>"; };
/* End PBXFileReference section */

/* Begin PBXFrameworksBuildPhase section */
		0FA194192AB0B82100C33CBF /* Frameworks */ = {
			isa = PBXFrameworksBuildPhase;
			buildActionMask = 2147483647;
			files = (
				0F0BF9062AB0BA8100D0DBBE /* ApolloAPI in Frameworks */,
				0F0BF9022AB0BA8100D0DBBE /* Apollo in Frameworks */,
				0F0BF9102AB0BA8100D0DBBE /* apollo-ios-cli in Frameworks */,
				0F0BF90A2AB0BA8100D0DBBE /* ApolloSQLite in Frameworks */,
				0F0BF90C2AB0BA8100D0DBBE /* ApolloTestSupport in Frameworks */,
				0F0BF90E2AB0BA8100D0DBBE /* ApolloWebSocket in Frameworks */,
				0F0BF9042AB0BA8100D0DBBE /* Apollo-Dynamic in Frameworks */,
				0F0BF9082AB0BA8100D0DBBE /* ApolloCodegenLib in Frameworks */,
			);
			runOnlyForDeploymentPostprocessing = 0;
		};
/* End PBXFrameworksBuildPhase section */

/* Begin PBXGroup section */
		0FA194132AB0B82100C33CBF = {
			isa = PBXGroup;
			children = (
				0FA1941E2AB0B82100C33CBF /* GraphQLCountry */,
				0FA1941D2AB0B82100C33CBF /* Products */,
			);
			sourceTree = "<group>";
		};
		0FA1941D2AB0B82100C33CBF /* Products */ = {
			isa = PBXGroup;
			children = (
				0FA1941C2AB0B82100C33CBF /* GraphQLCountry.app */,
			);
			name = Products;
			sourceTree = "<group>";
		};
		0FA1941E2AB0B82100C33CBF /* GraphQLCountry */ = {
			isa = PBXGroup;
			children = (
				0FA1942D2AB0B82F00C33CBF /* GraphQL */,
				0FA1941F2AB0B82100C33CBF /* GraphQLCountryApp.swift */,
				0FA194212AB0B82100C33CBF /* ContentView.swift */,
				0FA194232AB0B82300C33CBF /* Assets.xcassets */,
				0FA194252AB0B82300C33CBF /* Preview Content */,
			);
			path = GraphQLCountry;
			sourceTree = "<group>";
		};
		0FA194252AB0B82300C33CBF /* Preview Content */ = {
			isa = PBXGroup;
			children = (
				0FA194262AB0B82300C33CBF /* Preview Assets.xcassets */,
			);
			path = "Preview Content";
			sourceTree = "<group>";
		};
		0FA1942D2AB0B82F00C33CBF /* GraphQL */ = {
			isa = PBXGroup;
			children = (
				0FA1942E2AB0B84D00C33CBF /* Apollo.swift */,
				0FA194302AB0B87F00C33CBF /* Queries.graphql */,
			);
			path = GraphQL;
			sourceTree = "<group>";
		};
/* End PBXGroup section */

/* Begin PBXNativeTarget section */
		0FA1941B2AB0B82100C33CBF /* GraphQLCountry */ = {
			isa = PBXNativeTarget;
			buildConfigurationList = 0FA1942A2AB0B82300C33CBF /* Build configuration list for PBXNativeTarget "GraphQLCountry" */;
			buildPhases = (
				0FA194182AB0B82100C33CBF /* Sources */,
				0FA194192AB0B82100C33CBF /* Frameworks */,
				0FA1941A2AB0B82100C33CBF /* Resources */,
			);
			buildRules = (
			);
			dependencies = (
			);
			name = GraphQLCountry;
			packageProductDependencies = (
				0F0BF9012AB0BA8100D0DBBE /* Apollo */,
				0F0BF9032AB0BA8100D0DBBE /* Apollo-Dynamic */,
				0F0BF9052AB0BA8100D0DBBE /* ApolloAPI */,
				0F0BF9072AB0BA8100D0DBBE /* ApolloCodegenLib */,
				0F0BF9092AB0BA8100D0DBBE /* ApolloSQLite */,
				0F0BF90B2AB0BA8100D0DBBE /* ApolloTestSupport */,
				0F0BF90D2AB0BA8100D0DBBE /* ApolloWebSocket */,
				0F0BF90F2AB0BA8100D0DBBE /* apollo-ios-cli */,
			);
			productName = GraphQLCountry;
			productReference = 0FA1941C2AB0B82100C33CBF /* GraphQLCountry.app */;
			productType = "com.apple.product-type.application";
		};
/* End PBXNativeTarget section */

/* Begin PBXProject section */
		0FA194142AB0B82100C33CBF /* Project object */ = {
			isa = PBXProject;
			attributes = {
				BuildIndependentTargetsInParallel = 1;
				LastSwiftUpdateCheck = 1430;
				LastUpgradeCheck = 1430;
				TargetAttributes = {
					0FA1941B2AB0B82100C33CBF = {
						CreatedOnToolsVersion = 14.3.1;
					};
				};
			};
			buildConfigurationList = 0FA194172AB0B82100C33CBF /* Build configuration list for PBXProject "GraphQLCountry" */;
			compatibilityVersion = "Xcode 14.0";
			developmentRegion = en;
			hasScannedForEncodings = 0;
			knownRegions = (
				en,
				Base,
			);
			mainGroup = 0FA194132AB0B82100C33CBF;
			packageReferences = (
				0F0BF9002AB0BA8100D0DBBE /* XCRemoteSwiftPackageReference "apollo-ios" */,
			);
			productRefGroup = 0FA1941D2AB0B82100C33CBF /* Products */;
			projectDirPath = "";
			projectRoot = "";
			targets = (
				0FA1941B2AB0B82100C33CBF /* GraphQLCountry */,
			);
		};
/* End PBXProject section */

/* Begin PBXResourcesBuildPhase section */
		0FA1941A2AB0B82100C33CBF /* Resources */ = {
			isa = PBXResourcesBuildPhase;
			buildActionMask = 2147483647;
			files = (
				0FA194272AB0B82300C33CBF /* Preview Assets.xcassets in Resources */,
				0FA194242AB0B82300C33CBF /* Assets.xcassets in Resources */,
			);
			runOnlyForDeploymentPostprocessing = 0;
		};
/* End PBXResourcesBuildPhase section */

/* Begin PBXSourcesBuildPhase section */
		0FA194182AB0B82100C33CBF /* Sources */ = {
			isa = PBXSourcesBuildPhase;
			buildActionMask = 2147483647;
			files = (
				0FA194222AB0B82100C33CBF /* ContentView.swift in Sources */,
				0FA1942F2AB0B84D00C33CBF /* Apollo.swift in Sources */,
				0FA194202AB0B82100C33CBF /* GraphQLCountryApp.swift in Sources */,
			);
			runOnlyForDeploymentPostprocessing = 0;
		};
/* End PBXSourcesBuildPhase section */

/* Begin XCBuildConfiguration section */
		0FA194282AB0B82300C33CBF /* Debug */ = {
			isa = XCBuildConfiguration;
			buildSettings = {
				ALWAYS_SEARCH_USER_PATHS = NO;
				CLANG_ANALYZER_NONNULL = YES;
				CLANG_ANALYZER_NUMBER_OBJECT_CONVERSION = YES_AGGRESSIVE;
				CLANG_CXX_LANGUAGE_STANDARD = "gnu++20";
				CLANG_ENABLE_MODULES = YES;
				CLANG_ENABLE_OBJC_ARC = YES;
				CLANG_ENABLE_OBJC_WEAK = YES;
				CLANG_WARN_BLOCK_CAPTURE_AUTORELEASING = YES;
				CLANG_WARN_BOOL_CONVERSION = YES;
				CLANG_WARN_COMMA = YES;
				CLANG_WARN_CONSTANT_CONVERSION = YES;
				CLANG_WARN_DEPRECATED_OBJC_IMPLEMENTATIONS = YES;
				CLANG_WARN_DIRECT_OBJC_ISA_USAGE = YES_ERROR;
				CLANG_WARN_DOCUMENTATION_COMMENTS = YES;
				CLANG_WARN_EMPTY_BODY = YES;
				CLANG_WARN_ENUM_CONVERSION = YES;
				CLANG_WARN_INFINITE_RECURSION = YES;
				CLANG_WARN_INT_CONVERSION = YES;
				CLANG_WARN_NON_LITERAL_NULL_CONVERSION = YES;
				CLANG_WARN_OBJC_IMPLICIT_RETAIN_SELF = YES;
				CLANG_WARN_OBJC_LITERAL_CONVERSION = YES;
				CLANG_WARN_OBJC_ROOT_CLASS = YES_ERROR;
				CLANG_WARN_QUOTED_INCLUDE_IN_FRAMEWORK_HEADER = YES;
				CLANG_WARN_RANGE_LOOP_ANALYSIS = YES;
				CLANG_WARN_STRICT_PROTOTYPES = YES;
				CLANG_WARN_SUSPICIOUS_MOVE = YES;
				CLANG_WARN_UNGUARDED_AVAILABILITY = YES_AGGRESSIVE;
				CLANG_WARN_UNREACHABLE_CODE = YES;
				CLANG_WARN__DUPLICATE_METHOD_MATCH = YES;
				COPY_PHASE_STRIP = NO;
				DEBUG_INFORMATION_FORMAT = dwarf;
				ENABLE_STRICT_OBJC_MSGSEND = YES;
				ENABLE_TESTABILITY = YES;
				GCC_C_LANGUAGE_STANDARD = gnu11;
				GCC_DYNAMIC_NO_PIC = NO;
				GCC_NO_COMMON_BLOCKS = YES;
				GCC_OPTIMIZATION_LEVEL = 0;
				GCC_PREPROCESSOR_DEFINITIONS = (
					"DEBUG=1",
					"$(inherited)",
				);
				GCC_WARN_64_TO_32_BIT_CONVERSION = YES;
				GCC_WARN_ABOUT_RETURN_TYPE = YES_ERROR;
				GCC_WARN_UNDECLARED_SELECTOR = YES;
				GCC_WARN_UNINITIALIZED_AUTOS = YES_AGGRESSIVE;
				GCC_WARN_UNUSED_FUNCTION = YES;
				GCC_WARN_UNUSED_VARIABLE = YES;
				IPHONEOS_DEPLOYMENT_TARGET = 16.4;
				MTL_ENABLE_DEBUG_INFO = INCLUDE_SOURCE;
				MTL_FAST_MATH = YES;
				ONLY_ACTIVE_ARCH = YES;
				SDKROOT = iphoneos;
				SWIFT_ACTIVE_COMPILATION_CONDITIONS = DEBUG;
				SWIFT_OPTIMIZATION_LEVEL = "-Onone";
			};
			name = Debug;
		};
		0FA194292AB0B82300C33CBF /* Release */ = {
			isa = XCBuildConfiguration;
			buildSettings = {
				ALWAYS_SEARCH_USER_PATHS = NO;
				CLANG_ANALYZER_NONNULL = YES;
				CLANG_ANALYZER_NUMBER_OBJECT_CONVERSION = YES_AGGRESSIVE;
				CLANG_CXX_LANGUAGE_STANDARD = "gnu++20";
				CLANG_ENABLE_MODULES = YES;
				CLANG_ENABLE_OBJC_ARC = YES;
				CLANG_ENABLE_OBJC_WEAK = YES;
				CLANG_WARN_BLOCK_CAPTURE_AUTORELEASING = YES;
				CLANG_WARN_BOOL_CONVERSION = YES;
				CLANG_WARN_COMMA = YES;
				CLANG_WARN_CONSTANT_CONVERSION = YES;
				CLANG_WARN_DEPRECATED_OBJC_IMPLEMENTATIONS = YES;
				CLANG_WARN_DIRECT_OBJC_ISA_USAGE = YES_ERROR;
				CLANG_WARN_DOCUMENTATION_COMMENTS = YES;
				CLANG_WARN_EMPTY_BODY = YES;
				CLANG_WARN_ENUM_CONVERSION = YES;
				CLANG_WARN_INFINITE_RECURSION = YES;
				CLANG_WARN_INT_CONVERSION = YES;
				CLANG_WARN_NON_LITERAL_NULL_CONVERSION = YES;
				CLANG_WARN_OBJC_IMPLICIT_RETAIN_SELF = YES;
				CLANG_WARN_OBJC_LITERAL_CONVERSION = YES;
				CLANG_WARN_OBJC_ROOT_CLASS = YES_ERROR;
				CLANG_WARN_QUOTED_INCLUDE_IN_FRAMEWORK_HEADER = YES;
				CLANG_WARN_RANGE_LOOP_ANALYSIS = YES;
				CLANG_WARN_STRICT_PROTOTYPES = YES;
				CLANG_WARN_SUSPICIOUS_MOVE = YES;
				CLANG_WARN_UNGUARDED_AVAILABILITY = YES_AGGRESSIVE;
				CLANG_WARN_UNREACHABLE_CODE = YES;
				CLANG_WARN__DUPLICATE_METHOD_MATCH = YES;
				COPY_PHASE_STRIP = NO;
				DEBUG_INFORMATION_FORMAT = "dwarf-with-dsym";
				ENABLE_NS_ASSERTIONS = NO;
				ENABLE_STRICT_OBJC_MSGSEND = YES;
				GCC_C_LANGUAGE_STANDARD = gnu11;
				GCC_NO_COMMON_BLOCKS = YES;
				GCC_WARN_64_TO_32_BIT_CONVERSION = YES;
				GCC_WARN_ABOUT_RETURN_TYPE = YES_ERROR;
				GCC_WARN_UNDECLARED_SELECTOR = YES;
				GCC_WARN_UNINITIALIZED_AUTOS = YES_AGGRESSIVE;
				GCC_WARN_UNUSED_FUNCTION = YES;
				GCC_WARN_UNUSED_VARIABLE = YES;
				IPHONEOS_DEPLOYMENT_TARGET = 16.4;
				MTL_ENABLE_DEBUG_INFO = NO;
				MTL_FAST_MATH = YES;
				SDKROOT = iphoneos;
				SWIFT_COMPILATION_MODE = wholemodule;
				SWIFT_OPTIMIZATION_LEVEL = "-O";
				VALIDATE_PRODUCT = YES;
			};
			name = Release;
		};
		0FA1942B2AB0B82300C33CBF /* Debug */ = {
			isa = XCBuildConfiguration;
			buildSettings = {
				ASSETCATALOG_COMPILER_APPICON_NAME = AppIcon;
				ASSETCATALOG_COMPILER_GLOBAL_ACCENT_COLOR_NAME = AccentColor;
				CODE_SIGN_STYLE = Automatic;
				CURRENT_PROJECT_VERSION = 1;
				DEVELOPMENT_ASSET_PATHS = "\"GraphQLCountry/Preview Content\"";
				DEVELOPMENT_TEAM = FV84NP7NXG;
				ENABLE_PREVIEWS = YES;
				GENERATE_INFOPLIST_FILE = YES;
				INFOPLIST_KEY_UIApplicationSceneManifest_Generation = YES;
				INFOPLIST_KEY_UIApplicationSupportsIndirectInputEvents = YES;
				INFOPLIST_KEY_UILaunchScreen_Generation = YES;
				INFOPLIST_KEY_UISupportedInterfaceOrientations_iPad = "UIInterfaceOrientationPortrait UIInterfaceOrientationPortraitUpsideDown UIInterfaceOrientationLandscapeLeft UIInterfaceOrientationLandscapeRight";
				INFOPLIST_KEY_UISupportedInterfaceOrientations_iPhone = "UIInterfaceOrientationPortrait UIInterfaceOrientationLandscapeLeft UIInterfaceOrientationLandscapeRight";
				IPHONEOS_DEPLOYMENT_TARGET = 14.0;
				LD_RUNPATH_SEARCH_PATHS = (
					"$(inherited)",
					"@executable_path/Frameworks",
				);
				MARKETING_VERSION = 1.0;
				PRODUCT_BUNDLE_IDENTIFIER = com.jeannchuab.GraphQLCountry;
				PRODUCT_NAME = "$(TARGET_NAME)";
				SWIFT_EMIT_LOC_STRINGS = YES;
				SWIFT_VERSION = 5.0;
				TARGETED_DEVICE_FAMILY = "1,2";
			};
			name = Debug;
		};
		0FA1942C2AB0B82300C33CBF /* Release */ = {
			isa = XCBuildConfiguration;
			buildSettings = {
				ASSETCATALOG_COMPILER_APPICON_NAME = AppIcon;
				ASSETCATALOG_COMPILER_GLOBAL_ACCENT_COLOR_NAME = AccentColor;
				CODE_SIGN_STYLE = Automatic;
				CURRENT_PROJECT_VERSION = 1;
				DEVELOPMENT_ASSET_PATHS = "\"GraphQLCountry/Preview Content\"";
				DEVELOPMENT_TEAM = FV84NP7NXG;
				ENABLE_PREVIEWS = YES;
				GENERATE_INFOPLIST_FILE = YES;
				INFOPLIST_KEY_UIApplicationSceneManifest_Generation = YES;
				INFOPLIST_KEY_UIApplicationSupportsIndirectInputEvents = YES;
				INFOPLIST_KEY_UILaunchScreen_Generation = YES;
				INFOPLIST_KEY_UISupportedInterfaceOrientations_iPad = "UIInterfaceOrientationPortrait UIInterfaceOrientationPortraitUpsideDown UIInterfaceOrientationLandscapeLeft UIInterfaceOrientationLandscapeRight";
				INFOPLIST_KEY_UISupportedInterfaceOrientations_iPhone = "UIInterfaceOrientationPortrait UIInterfaceOrientationLandscapeLeft UIInterfaceOrientationLandscapeRight";
				IPHONEOS_DEPLOYMENT_TARGET = 14.0;
				LD_RUNPATH_SEARCH_PATHS = (
					"$(inherited)",
					"@executable_path/Frameworks",
				);
				MARKETING_VERSION = 1.0;
				PRODUCT_BUNDLE_IDENTIFIER = com.jeannchuab.GraphQLCountry;
				PRODUCT_NAME = "$(TARGET_NAME)";
				SWIFT_EMIT_LOC_STRINGS = YES;
				SWIFT_VERSION = 5.0;
				TARGETED_DEVICE_FAMILY = "1,2";
			};
			name = Release;
		};
/* End XCBuildConfiguration section */

/* Begin XCConfigurationList section */
		0FA194172AB0B82100C33CBF /* Build configuration list for PBXProject "GraphQLCountry" */ = {
			isa = XCConfigurationList;
			buildConfigurations = (
				0FA194282AB0B82300C33CBF /* Debug */,
				0FA194292AB0B82300C33CBF /* Release */,
			);
			defaultConfigurationIsVisible = 0;
			defaultConfigurationName = Release;
		};
		0FA1942A2AB0B82300C33CBF /* Build configuration list for PBXNativeTarget "GraphQLCountry" */ = {
			isa = XCConfigurationList;
			buildConfigurations = (
				0FA1942B2AB0B82300C33CBF /* Debug */,
				0FA1942C2AB0B82300C33CBF /* Release */,
			);
			defaultConfigurationIsVisible = 0;
			defaultConfigurationName = Release;
		};
/* End XCConfigurationList section */

/* Begin XCRemoteSwiftPackageReference section */
		0F0BF9002AB0BA8100D0DBBE /* XCRemoteSwiftPackageReference "apollo-ios" */ = {
			isa = XCRemoteSwiftPackageReference;
			repositoryURL = "https://github.com/apollographql/apollo-ios.git";
			requirement = {
				kind = upToNextMajorVersion;
				minimumVersion = 1.0.0;
			};
		};
/* End XCRemoteSwiftPackageReference section */

/* Begin XCSwiftPackageProductDependency section */
		0F0BF9012AB0BA8100D0DBBE /* Apollo */ = {
			isa = XCSwiftPackageProductDependency;
			package = 0F0BF9002AB0BA8100D0DBBE /* XCRemoteSwiftPackageReference "apollo-ios" */;
			productName = Apollo;
		};
		0F0BF9032AB0BA8100D0DBBE /* Apollo-Dynamic */ = {
			isa = XCSwiftPackageProductDependency;
			package = 0F0BF9002AB0BA8100D0DBBE /* XCRemoteSwiftPackageReference "apollo-ios" */;
			productName = "Apollo-Dynamic";
		};
		0F0BF9052AB0BA8100D0DBBE /* ApolloAPI */ = {
			isa = XCSwiftPackageProductDependency;
			package = 0F0BF9002AB0BA8100D0DBBE /* XCRemoteSwiftPackageReference "apollo-ios" */;
			productName = ApolloAPI;
		};
		0F0BF9072AB0BA8100D0DBBE /* ApolloCodegenLib */ = {
			isa = XCSwiftPackageProductDependency;
			package = 0F0BF9002AB0BA8100D0DBBE /* XCRemoteSwiftPackageReference "apollo-ios" */;
			productName = ApolloCodegenLib;
		};
		0F0BF9092AB0BA8100D0DBBE /* ApolloSQLite */ = {
			isa = XCSwiftPackageProductDependency;
			package = 0F0BF9002AB0BA8100D0DBBE /* XCRemoteSwiftPackageReference "apollo-ios" */;
			productName = ApolloSQLite;
		};
		0F0BF90B2AB0BA8100D0DBBE /* ApolloTestSupport */ = {
			isa = XCSwiftPackageProductDependency;
			package = 0F0BF9002AB0BA8100D0DBBE /* XCRemoteSwiftPackageReference "apollo-ios" */;
			productName = ApolloTestSupport;
		};
		0F0BF90D2AB0BA8100D0DBBE /* ApolloWebSocket */ = {
			isa = XCSwiftPackageProductDependency;
			package = 0F0BF9002AB0BA8100D0DBBE /* XCRemoteSwiftPackageReference "apollo-ios" */;
			productName = ApolloWebSocket;
		};
		0F0BF90F2AB0BA8100D0DBBE /* apollo-ios-cli */ = {
			isa = XCSwiftPackageProductDependency;
			package = 0F0BF9002AB0BA8100D0DBBE /* XCRemoteSwiftPackageReference "apollo-ios" */;
			productName = "apollo-ios-cli";
		};
/* End XCSwiftPackageProductDependency section */
	};
	rootObject = 0FA194142AB0B82100C33CBF /* Project object */;
}
