// !$*UTF8*$!
{
	archiveVersion = 1;
	classes = {
	};
	objectVersion = 50;
	objects = {

/* Begin PBXBuildFile section */
		0F7E3A422587EED40080742A /* AppDelegate.swift in Sources */ = {isa = PBXBuildFile; fileRef = 0F7E3A412587EED40080742A /* AppDelegate.swift */; };
		0F7E3A442587EED40080742A /* SceneDelegate.swift in Sources */ = {isa = PBXBuildFile; fileRef = 0F7E3A432587EED40080742A /* SceneDelegate.swift */; };
		0F7E3A462587EED40080742A /* LibraryViewController.swift in Sources */ = {isa = PBXBuildFile; fileRef = 0F7E3A452587EED40080742A /* LibraryViewController.swift */; };
		0F7E3A492587EED40080742A /* Main.storyboard in Resources */ = {isa = PBXBuildFile; fileRef = 0F7E3A472587EED40080742A /* Main.storyboard */; };
		0F7E3A4B2587EED60080742A /* Assets.xcassets in Resources */ = {isa = PBXBuildFile; fileRef = 0F7E3A4A2587EED60080742A /* Assets.xcassets */; };
		0F7E3A4E2587EED60080742A /* LaunchScreen.storyboard in Resources */ = {isa = PBXBuildFile; fileRef = 0F7E3A4C2587EED60080742A /* LaunchScreen.storyboard */; };
		0F7E3A642587EED60080742A /* FilmFestUITests.swift in Sources */ = {isa = PBXBuildFile; fileRef = 0F7E3A632587EED60080742A /* FilmFestUITests.swift */; };
		0F7E3A7B2587F1B20080742A /* MovieStructTests.swift in Sources */ = {isa = PBXBuildFile; fileRef = 0F7E3A7A2587F1B20080742A /* MovieStructTests.swift */; };
		0F7E3A802587F27D0080742A /* Movie.swift in Sources */ = {isa = PBXBuildFile; fileRef = 0F7E3A7F2587F27D0080742A /* Movie.swift */; };
		0F7E3A892587F4B40080742A /* MovieManagerTests.swift in Sources */ = {isa = PBXBuildFile; fileRef = 0F7E3A882587F4B40080742A /* MovieManagerTests.swift */; };
		0F7E3A912587F51D0080742A /* MovieManager.swift in Sources */ = {isa = PBXBuildFile; fileRef = 0F7E3A902587F51D0080742A /* MovieManager.swift */; };
		0F7E3A96258825690080742A /* LibraryViewControllerTests.swift in Sources */ = {isa = PBXBuildFile; fileRef = 0F7E3A95258825690080742A /* LibraryViewControllerTests.swift */; };
		0F7E3A9F2588282B0080742A /* MovieLibraryDataService.swift in Sources */ = {isa = PBXBuildFile; fileRef = 0F7E3A9E2588282B0080742A /* MovieLibraryDataService.swift */; };
		0F7E3AAB25882B310080742A /* MovieLibraryDataServiceTests.swift in Sources */ = {isa = PBXBuildFile; fileRef = 0F7E3AAA25882B310080742A /* MovieLibraryDataServiceTests.swift */; };
		0F7E3AB7258832500080742A /* MovieCellTableViewCell.swift in Sources */ = {isa = PBXBuildFile; fileRef = 0F7E3AB6258832500080742A /* MovieCellTableViewCell.swift */; };
		0F7E3AC0258837BE0080742A /* MockExtensions.swift in Sources */ = {isa = PBXBuildFile; fileRef = 0F7E3ABF258837BE0080742A /* MockExtensions.swift */; };
		0F7E3AC925883E270080742A /* MovieCellTests.swift in Sources */ = {isa = PBXBuildFile; fileRef = 0F7E3AC825883E270080742A /* MovieCellTests.swift */; };
/* End PBXBuildFile section */

/* Begin PBXContainerItemProxy section */
		0F7E3A552587EED60080742A /* PBXContainerItemProxy */ = {
			isa = PBXContainerItemProxy;
			containerPortal = 0F7E3A362587EED40080742A /* Project object */;
			proxyType = 1;
			remoteGlobalIDString = 0F7E3A3D2587EED40080742A;
			remoteInfo = FilmFest;
		};
		0F7E3A602587EED60080742A /* PBXContainerItemProxy */ = {
			isa = PBXContainerItemProxy;
			containerPortal = 0F7E3A362587EED40080742A /* Project object */;
			proxyType = 1;
			remoteGlobalIDString = 0F7E3A3D2587EED40080742A;
			remoteInfo = FilmFest;
		};
/* End PBXContainerItemProxy section */

/* Begin PBXFileReference section */
		0F7E3A3E2587EED40080742A /* FilmFest.app */ = {isa = PBXFileReference; explicitFileType = wrapper.application; includeInIndex = 0; path = FilmFest.app; sourceTree = BUILT_PRODUCTS_DIR; };
		0F7E3A412587EED40080742A /* AppDelegate.swift */ = {isa = PBXFileReference; lastKnownFileType = sourcecode.swift; path = AppDelegate.swift; sourceTree = "<group>"; };
		0F7E3A432587EED40080742A /* SceneDelegate.swift */ = {isa = PBXFileReference; lastKnownFileType = sourcecode.swift; path = SceneDelegate.swift; sourceTree = "<group>"; };
		0F7E3A452587EED40080742A /* LibraryViewController.swift */ = {isa = PBXFileReference; lastKnownFileType = sourcecode.swift; path = LibraryViewController.swift; sourceTree = "<group>"; };
		0F7E3A482587EED40080742A /* Base */ = {isa = PBXFileReference; lastKnownFileType = file.storyboard; name = Base; path = Base.lproj/Main.storyboard; sourceTree = "<group>"; };
		0F7E3A4A2587EED60080742A /* Assets.xcassets */ = {isa = PBXFileReference; lastKnownFileType = folder.assetcatalog; path = Assets.xcassets; sourceTree = "<group>"; };
		0F7E3A4D2587EED60080742A /* Base */ = {isa = PBXFileReference; lastKnownFileType = file.storyboard; name = Base; path = Base.lproj/LaunchScreen.storyboard; sourceTree = "<group>"; };
		0F7E3A4F2587EED60080742A /* Info.plist */ = {isa = PBXFileReference; lastKnownFileType = text.plist.xml; path = Info.plist; sourceTree = "<group>"; };
		0F7E3A542587EED60080742A /* FilmFestTests.xctest */ = {isa = PBXFileReference; explicitFileType = wrapper.cfbundle; includeInIndex = 0; path = FilmFestTests.xctest; sourceTree = BUILT_PRODUCTS_DIR; };
		0F7E3A5A2587EED60080742A /* Info.plist */ = {isa = PBXFileReference; lastKnownFileType = text.plist.xml; path = Info.plist; sourceTree = "<group>"; };
		0F7E3A5F2587EED60080742A /* FilmFestUITests.xctest */ = {isa = PBXFileReference; explicitFileType = wrapper.cfbundle; includeInIndex = 0; path = FilmFestUITests.xctest; sourceTree = BUILT_PRODUCTS_DIR; };
		0F7E3A632587EED60080742A /* FilmFestUITests.swift */ = {isa = PBXFileReference; lastKnownFileType = sourcecode.swift; path = FilmFestUITests.swift; sourceTree = "<group>"; };
		0F7E3A652587EED60080742A /* Info.plist */ = {isa = PBXFileReference; lastKnownFileType = text.plist.xml; path = Info.plist; sourceTree = "<group>"; };
		0F7E3A7A2587F1B20080742A /* MovieStructTests.swift */ = {isa = PBXFileReference; lastKnownFileType = sourcecode.swift; path = MovieStructTests.swift; sourceTree = "<group>"; };
		0F7E3A7F2587F27D0080742A /* Movie.swift */ = {isa = PBXFileReference; lastKnownFileType = sourcecode.swift; path = Movie.swift; sourceTree = "<group>"; };
		0F7E3A882587F4B40080742A /* MovieManagerTests.swift */ = {isa = PBXFileReference; lastKnownFileType = sourcecode.swift; path = MovieManagerTests.swift; sourceTree = "<group>"; };
		0F7E3A902587F51D0080742A /* MovieManager.swift */ = {isa = PBXFileReference; lastKnownFileType = sourcecode.swift; path = MovieManager.swift; sourceTree = "<group>"; };
		0F7E3A95258825690080742A /* LibraryViewControllerTests.swift */ = {isa = PBXFileReference; lastKnownFileType = sourcecode.swift; path = LibraryViewControllerTests.swift; sourceTree = "<group>"; };
		0F7E3A9E2588282B0080742A /* MovieLibraryDataService.swift */ = {isa = PBXFileReference; lastKnownFileType = sourcecode.swift; path = MovieLibraryDataService.swift; sourceTree = "<group>"; };
		0F7E3AAA25882B310080742A /* MovieLibraryDataServiceTests.swift */ = {isa = PBXFileReference; lastKnownFileType = sourcecode.swift; path = MovieLibraryDataServiceTests.swift; sourceTree = "<group>"; };
		0F7E3AB6258832500080742A /* MovieCellTableViewCell.swift */ = {isa = PBXFileReference; lastKnownFileType = sourcecode.swift; path = MovieCellTableViewCell.swift; sourceTree = "<group>"; };
		0F7E3ABF258837BE0080742A /* MockExtensions.swift */ = {isa = PBXFileReference; lastKnownFileType = sourcecode.swift; path = MockExtensions.swift; sourceTree = "<group>"; };
		0F7E3AC825883E270080742A /* MovieCellTests.swift */ = {isa = PBXFileReference; lastKnownFileType = sourcecode.swift; path = MovieCellTests.swift; sourceTree = "<group>"; };
/* End PBXFileReference section */

/* Begin PBXFrameworksBuildPhase section */
		0F7E3A3B2587EED40080742A /* Frameworks */ = {
			isa = PBXFrameworksBuildPhase;
			buildActionMask = 2147483647;
			files = (
			);
			runOnlyForDeploymentPostprocessing = 0;
		};
		0F7E3A512587EED60080742A /* Frameworks */ = {
			isa = PBXFrameworksBuildPhase;
			buildActionMask = 2147483647;
			files = (
			);
			runOnlyForDeploymentPostprocessing = 0;
		};
		0F7E3A5C2587EED60080742A /* Frameworks */ = {
			isa = PBXFrameworksBuildPhase;
			buildActionMask = 2147483647;
			files = (
			);
			runOnlyForDeploymentPostprocessing = 0;
		};
/* End PBXFrameworksBuildPhase section */

/* Begin PBXGroup section */
		0F7E3A352587EED40080742A = {
			isa = PBXGroup;
			children = (
				0F7E3A402587EED40080742A /* FilmFest */,
				0F7E3A572587EED60080742A /* FilmFestTests */,
				0F7E3A622587EED60080742A /* FilmFestUITests */,
				0F7E3A3F2587EED40080742A /* Products */,
			);
			sourceTree = "<group>";
		};
		0F7E3A3F2587EED40080742A /* Products */ = {
			isa = PBXGroup;
			children = (
				0F7E3A3E2587EED40080742A /* FilmFest.app */,
				0F7E3A542587EED60080742A /* FilmFestTests.xctest */,
				0F7E3A5F2587EED60080742A /* FilmFestUITests.xctest */,
			);
			name = Products;
			sourceTree = "<group>";
		};
		0F7E3A402587EED40080742A /* FilmFest */ = {
			isa = PBXGroup;
			children = (
				0F7E3AB5258832250080742A /* View */,
				0F7E3A9D258828140080742A /* DataService */,
				0F7E3A852587F45D0080742A /* Controllers */,
				0F7E3A842587F4530080742A /* Models */,
				0F7E3A412587EED40080742A /* AppDelegate.swift */,
				0F7E3A432587EED40080742A /* SceneDelegate.swift */,
				0F7E3A472587EED40080742A /* Main.storyboard */,
				0F7E3A4A2587EED60080742A /* Assets.xcassets */,
				0F7E3A4C2587EED60080742A /* LaunchScreen.storyboard */,
				0F7E3A4F2587EED60080742A /* Info.plist */,
			);
			path = FilmFest;
			sourceTree = "<group>";
		};
		0F7E3A572587EED60080742A /* FilmFestTests */ = {
			isa = PBXGroup;
			children = (
				0F7E3AC725883E150080742A /* TestView */,
				0F7E3ABE258837AA0080742A /* Mocks */,
				0F7E3AA925882B0C0080742A /* TestDataService */,
				0F7E3A872587F4840080742A /* TestControllers */,
				0F7E3A862587F4700080742A /* TestModels */,
				0F7E3A5A2587EED60080742A /* Info.plist */,
			);
			path = FilmFestTests;
			sourceTree = "<group>";
		};
		0F7E3A622587EED60080742A /* FilmFestUITests */ = {
			isa = PBXGroup;
			children = (
				0F7E3A632587EED60080742A /* FilmFestUITests.swift */,
				0F7E3A652587EED60080742A /* Info.plist */,
			);
			path = FilmFestUITests;
			sourceTree = "<group>";
		};
		0F7E3A842587F4530080742A /* Models */ = {
			isa = PBXGroup;
			children = (
				0F7E3A7F2587F27D0080742A /* Movie.swift */,
				0F7E3A902587F51D0080742A /* MovieManager.swift */,
			);
			path = Models;
			sourceTree = "<group>";
		};
		0F7E3A852587F45D0080742A /* Controllers */ = {
			isa = PBXGroup;
			children = (
				0F7E3A452587EED40080742A /* LibraryViewController.swift */,
			);
			path = Controllers;
			sourceTree = "<group>";
		};
		0F7E3A862587F4700080742A /* TestModels */ = {
			isa = PBXGroup;
			children = (
				0F7E3A7A2587F1B20080742A /* MovieStructTests.swift */,
				0F7E3A882587F4B40080742A /* MovieManagerTests.swift */,
			);
			path = TestModels;
			sourceTree = "<group>";
		};
		0F7E3A872587F4840080742A /* TestControllers */ = {
			isa = PBXGroup;
			children = (
				0F7E3A95258825690080742A /* LibraryViewControllerTests.swift */,
			);
			path = TestControllers;
			sourceTree = "<group>";
		};
		0F7E3A9D258828140080742A /* DataService */ = {
			isa = PBXGroup;
			children = (
				0F7E3A9E2588282B0080742A /* MovieLibraryDataService.swift */,
			);
			path = DataService;
			sourceTree = "<group>";
		};
		0F7E3AA925882B0C0080742A /* TestDataService */ = {
			isa = PBXGroup;
			children = (
				0F7E3AAA25882B310080742A /* MovieLibraryDataServiceTests.swift */,
			);
			path = TestDataService;
			sourceTree = "<group>";
		};
		0F7E3AB5258832250080742A /* View */ = {
			isa = PBXGroup;
			children = (
				0F7E3AB6258832500080742A /* MovieCellTableViewCell.swift */,
			);
			path = View;
			sourceTree = "<group>";
		};
		0F7E3ABE258837AA0080742A /* Mocks */ = {
			isa = PBXGroup;
			children = (
				0F7E3ABF258837BE0080742A /* MockExtensions.swift */,
			);
			path = Mocks;
			sourceTree = "<group>";
		};
		0F7E3AC725883E150080742A /* TestView */ = {
			isa = PBXGroup;
			children = (
				0F7E3AC825883E270080742A /* MovieCellTests.swift */,
			);
			path = TestView;
			sourceTree = "<group>";
		};
/* End PBXGroup section */

/* Begin PBXNativeTarget section */
		0F7E3A3D2587EED40080742A /* FilmFest */ = {
			isa = PBXNativeTarget;
			buildConfigurationList = 0F7E3A682587EED60080742A /* Build configuration list for PBXNativeTarget "FilmFest" */;
			buildPhases = (
				0F7E3A3A2587EED40080742A /* Sources */,
				0F7E3A3B2587EED40080742A /* Frameworks */,
				0F7E3A3C2587EED40080742A /* Resources */,
			);
			buildRules = (
			);
			dependencies = (
			);
			name = FilmFest;
			productName = FilmFest;
			productReference = 0F7E3A3E2587EED40080742A /* FilmFest.app */;
			productType = "com.apple.product-type.application";
		};
		0F7E3A532587EED60080742A /* FilmFestTests */ = {
			isa = PBXNativeTarget;
			buildConfigurationList = 0F7E3A6B2587EED60080742A /* Build configuration list for PBXNativeTarget "FilmFestTests" */;
			buildPhases = (
				0F7E3A502587EED60080742A /* Sources */,
				0F7E3A512587EED60080742A /* Frameworks */,
				0F7E3A522587EED60080742A /* Resources */,
			);
			buildRules = (
			);
			dependencies = (
				0F7E3A562587EED60080742A /* PBXTargetDependency */,
			);
			name = FilmFestTests;
			productName = FilmFestTests;
			productReference = 0F7E3A542587EED60080742A /* FilmFestTests.xctest */;
			productType = "com.apple.product-type.bundle.unit-test";
		};
		0F7E3A5E2587EED60080742A /* FilmFestUITests */ = {
			isa = PBXNativeTarget;
			buildConfigurationList = 0F7E3A6E2587EED60080742A /* Build configuration list for PBXNativeTarget "FilmFestUITests" */;
			buildPhases = (
				0F7E3A5B2587EED60080742A /* Sources */,
				0F7E3A5C2587EED60080742A /* Frameworks */,
				0F7E3A5D2587EED60080742A /* Resources */,
			);
			buildRules = (
			);
			dependencies = (
				0F7E3A612587EED60080742A /* PBXTargetDependency */,
			);
			name = FilmFestUITests;
			productName = FilmFestUITests;
			productReference = 0F7E3A5F2587EED60080742A /* FilmFestUITests.xctest */;
			productType = "com.apple.product-type.bundle.ui-testing";
		};
/* End PBXNativeTarget section */

/* Begin PBXProject section */
		0F7E3A362587EED40080742A /* Project object */ = {
			isa = PBXProject;
			attributes = {
				LastSwiftUpdateCheck = 1220;
				LastUpgradeCheck = 1220;
				TargetAttributes = {
					0F7E3A3D2587EED40080742A = {
						CreatedOnToolsVersion = 12.2;
					};
					0F7E3A532587EED60080742A = {
						CreatedOnToolsVersion = 12.2;
						TestTargetID = 0F7E3A3D2587EED40080742A;
					};
					0F7E3A5E2587EED60080742A = {
						CreatedOnToolsVersion = 12.2;
						TestTargetID = 0F7E3A3D2587EED40080742A;
					};
				};
			};
			buildConfigurationList = 0F7E3A392587EED40080742A /* Build configuration list for PBXProject "FilmFest" */;
			compatibilityVersion = "Xcode 9.3";
			developmentRegion = en;
			hasScannedForEncodings = 0;
			knownRegions = (
				en,
				Base,
			);
			mainGroup = 0F7E3A352587EED40080742A;
			productRefGroup = 0F7E3A3F2587EED40080742A /* Products */;
			projectDirPath = "";
			projectRoot = "";
			targets = (
				0F7E3A3D2587EED40080742A /* FilmFest */,
				0F7E3A532587EED60080742A /* FilmFestTests */,
				0F7E3A5E2587EED60080742A /* FilmFestUITests */,
			);
		};
/* End PBXProject section */

/* Begin PBXResourcesBuildPhase section */
		0F7E3A3C2587EED40080742A /* Resources */ = {
			isa = PBXResourcesBuildPhase;
			buildActionMask = 2147483647;
			files = (
				0F7E3A4E2587EED60080742A /* LaunchScreen.storyboard in Resources */,
				0F7E3A4B2587EED60080742A /* Assets.xcassets in Resources */,
				0F7E3A492587EED40080742A /* Main.storyboard in Resources */,
			);
			runOnlyForDeploymentPostprocessing = 0;
		};
		0F7E3A522587EED60080742A /* Resources */ = {
			isa = PBXResourcesBuildPhase;
			buildActionMask = 2147483647;
			files = (
			);
			runOnlyForDeploymentPostprocessing = 0;
		};
		0F7E3A5D2587EED60080742A /* Resources */ = {
			isa = PBXResourcesBuildPhase;
			buildActionMask = 2147483647;
			files = (
			);
			runOnlyForDeploymentPostprocessing = 0;
		};
/* End PBXResourcesBuildPhase section */

/* Begin PBXSourcesBuildPhase section */
		0F7E3A3A2587EED40080742A /* Sources */ = {
			isa = PBXSourcesBuildPhase;
			buildActionMask = 2147483647;
			files = (
				0F7E3A462587EED40080742A /* LibraryViewController.swift in Sources */,
				0F7E3A9F2588282B0080742A /* MovieLibraryDataService.swift in Sources */,
				0F7E3A422587EED40080742A /* AppDelegate.swift in Sources */,
				0F7E3A912587F51D0080742A /* MovieManager.swift in Sources */,
				0F7E3A802587F27D0080742A /* Movie.swift in Sources */,
				0F7E3AB7258832500080742A /* MovieCellTableViewCell.swift in Sources */,
				0F7E3A442587EED40080742A /* SceneDelegate.swift in Sources */,
			);
			runOnlyForDeploymentPostprocessing = 0;
		};
		0F7E3A502587EED60080742A /* Sources */ = {
			isa = PBXSourcesBuildPhase;
			buildActionMask = 2147483647;
			files = (
				0F7E3AAB25882B310080742A /* MovieLibraryDataServiceTests.swift in Sources */,
				0F7E3AC925883E270080742A /* MovieCellTests.swift in Sources */,
				0F7E3A96258825690080742A /* LibraryViewControllerTests.swift in Sources */,
				0F7E3A892587F4B40080742A /* MovieManagerTests.swift in Sources */,
				0F7E3A7B2587F1B20080742A /* MovieStructTests.swift in Sources */,
				0F7E3AC0258837BE0080742A /* MockExtensions.swift in Sources */,
			);
			runOnlyForDeploymentPostprocessing = 0;
		};
		0F7E3A5B2587EED60080742A /* Sources */ = {
			isa = PBXSourcesBuildPhase;
			buildActionMask = 2147483647;
			files = (
				0F7E3A642587EED60080742A /* FilmFestUITests.swift in Sources */,
			);
			runOnlyForDeploymentPostprocessing = 0;
		};
/* End PBXSourcesBuildPhase section */

/* Begin PBXTargetDependency section */
		0F7E3A562587EED60080742A /* PBXTargetDependency */ = {
			isa = PBXTargetDependency;
			target = 0F7E3A3D2587EED40080742A /* FilmFest */;
			targetProxy = 0F7E3A552587EED60080742A /* PBXContainerItemProxy */;
		};
		0F7E3A612587EED60080742A /* PBXTargetDependency */ = {
			isa = PBXTargetDependency;
			target = 0F7E3A3D2587EED40080742A /* FilmFest */;
			targetProxy = 0F7E3A602587EED60080742A /* PBXContainerItemProxy */;
		};
/* End PBXTargetDependency section */

/* Begin PBXVariantGroup section */
		0F7E3A472587EED40080742A /* Main.storyboard */ = {
			isa = PBXVariantGroup;
			children = (
				0F7E3A482587EED40080742A /* Base */,
			);
			name = Main.storyboard;
			sourceTree = "<group>";
		};
		0F7E3A4C2587EED60080742A /* LaunchScreen.storyboard */ = {
			isa = PBXVariantGroup;
			children = (
				0F7E3A4D2587EED60080742A /* Base */,
			);
			name = LaunchScreen.storyboard;
			sourceTree = "<group>";
		};
/* End PBXVariantGroup section */

/* Begin XCBuildConfiguration section */
		0F7E3A662587EED60080742A /* Debug */ = {
			isa = XCBuildConfiguration;
			buildSettings = {
				ALWAYS_SEARCH_USER_PATHS = NO;
				CLANG_ANALYZER_NONNULL = YES;
				CLANG_ANALYZER_NUMBER_OBJECT_CONVERSION = YES_AGGRESSIVE;
				CLANG_CXX_LANGUAGE_STANDARD = "gnu++14";
				CLANG_CXX_LIBRARY = "libc++";
				CLANG_ENABLE_MODULES = YES;
				CLANG_ENABLE_OBJC_ARC = YES;
				CLANG_ENABLE_OBJC_WEAK = YES;
				CLANG_WARN_BLOCK_CAPTURE_AUTORELEASING = YES;
				CLANG_WARN_BOOL_CONVERSION = YES;
				CLANG_WARN_COMMA = YES;
				CLANG_WARN_CONSTANT_CONVERSION = YES;
				CLANG_WARN_DEPRECATED_OBJC_IMPLEMENTATIONS = YES;
				CLANG_WARN_DIRECT_OBJC_ISA_USAGE = YES_ERROR;
				CLANG_WARN_DOCUMENTATION_COMMENTS = YES;
				CLANG_WARN_EMPTY_BODY = YES;
				CLANG_WARN_ENUM_CONVERSION = YES;
				CLANG_WARN_INFINITE_RECURSION = YES;
				CLANG_WARN_INT_CONVERSION = YES;
				CLANG_WARN_NON_LITERAL_NULL_CONVERSION = YES;
				CLANG_WARN_OBJC_IMPLICIT_RETAIN_SELF = YES;
				CLANG_WARN_OBJC_LITERAL_CONVERSION = YES;
				CLANG_WARN_OBJC_ROOT_CLASS = YES_ERROR;
				CLANG_WARN_QUOTED_INCLUDE_IN_FRAMEWORK_HEADER = YES;
				CLANG_WARN_RANGE_LOOP_ANALYSIS = YES;
				CLANG_WARN_STRICT_PROTOTYPES = YES;
				CLANG_WARN_SUSPICIOUS_MOVE = YES;
				CLANG_WARN_UNGUARDED_AVAILABILITY = YES_AGGRESSIVE;
				CLANG_WARN_UNREACHABLE_CODE = YES;
				CLANG_WARN__DUPLICATE_METHOD_MATCH = YES;
				COPY_PHASE_STRIP = NO;
				DEBUG_INFORMATION_FORMAT = dwarf;
				ENABLE_STRICT_OBJC_MSGSEND = YES;
				ENABLE_TESTABILITY = YES;
				GCC_C_LANGUAGE_STANDARD = gnu11;
				GCC_DYNAMIC_NO_PIC = NO;
				GCC_NO_COMMON_BLOCKS = YES;
				GCC_OPTIMIZATION_LEVEL = 0;
				GCC_PREPROCESSOR_DEFINITIONS = (
					"DEBUG=1",
					"$(inherited)",
				);
				GCC_WARN_64_TO_32_BIT_CONVERSION = YES;
				GCC_WARN_ABOUT_RETURN_TYPE = YES_ERROR;
				GCC_WARN_UNDECLARED_SELECTOR = YES;
				GCC_WARN_UNINITIALIZED_AUTOS = YES_AGGRESSIVE;
				GCC_WARN_UNUSED_FUNCTION = YES;
				GCC_WARN_UNUSED_VARIABLE = YES;
				IPHONEOS_DEPLOYMENT_TARGET = 14.2;
				MTL_ENABLE_DEBUG_INFO = INCLUDE_SOURCE;
				MTL_FAST_MATH = YES;
				ONLY_ACTIVE_ARCH = YES;
				SDKROOT = iphoneos;
				SWIFT_ACTIVE_COMPILATION_CONDITIONS = DEBUG;
				SWIFT_OPTIMIZATION_LEVEL = "-Onone";
			};
			name = Debug;
		};
		0F7E3A672587EED60080742A /* Release */ = {
			isa = XCBuildConfiguration;
			buildSettings = {
				ALWAYS_SEARCH_USER_PATHS = NO;
				CLANG_ANALYZER_NONNULL = YES;
				CLANG_ANALYZER_NUMBER_OBJECT_CONVERSION = YES_AGGRESSIVE;
				CLANG_CXX_LANGUAGE_STANDARD = "gnu++14";
				CLANG_CXX_LIBRARY = "libc++";
				CLANG_ENABLE_MODULES = YES;
				CLANG_ENABLE_OBJC_ARC = YES;
				CLANG_ENABLE_OBJC_WEAK = YES;
				CLANG_WARN_BLOCK_CAPTURE_AUTORELEASING = YES;
				CLANG_WARN_BOOL_CONVERSION = YES;
				CLANG_WARN_COMMA = YES;
				CLANG_WARN_CONSTANT_CONVERSION = YES;
				CLANG_WARN_DEPRECATED_OBJC_IMPLEMENTATIONS = YES;
				CLANG_WARN_DIRECT_OBJC_ISA_USAGE = YES_ERROR;
				CLANG_WARN_DOCUMENTATION_COMMENTS = YES;
				CLANG_WARN_EMPTY_BODY = YES;
				CLANG_WARN_ENUM_CONVERSION = YES;
				CLANG_WARN_INFINITE_RECURSION = YES;
				CLANG_WARN_INT_CONVERSION = YES;
				CLANG_WARN_NON_LITERAL_NULL_CONVERSION = YES;
				CLANG_WARN_OBJC_IMPLICIT_RETAIN_SELF = YES;
				CLANG_WARN_OBJC_LITERAL_CONVERSION = YES;
				CLANG_WARN_OBJC_ROOT_CLASS = YES_ERROR;
				CLANG_WARN_QUOTED_INCLUDE_IN_FRAMEWORK_HEADER = YES;
				CLANG_WARN_RANGE_LOOP_ANALYSIS = YES;
				CLANG_WARN_STRICT_PROTOTYPES = YES;
				CLANG_WARN_SUSPICIOUS_MOVE = YES;
				CLANG_WARN_UNGUARDED_AVAILABILITY = YES_AGGRESSIVE;
				CLANG_WARN_UNREACHABLE_CODE = YES;
				CLANG_WARN__DUPLICATE_METHOD_MATCH = YES;
				COPY_PHASE_STRIP = NO;
				DEBUG_INFORMATION_FORMAT = "dwarf-with-dsym";
				ENABLE_NS_ASSERTIONS = NO;
				ENABLE_STRICT_OBJC_MSGSEND = YES;
				GCC_C_LANGUAGE_STANDARD = gnu11;
				GCC_NO_COMMON_BLOCKS = YES;
				GCC_WARN_64_TO_32_BIT_CONVERSION = YES;
				GCC_WARN_ABOUT_RETURN_TYPE = YES_ERROR;
				GCC_WARN_UNDECLARED_SELECTOR = YES;
				GCC_WARN_UNINITIALIZED_AUTOS = YES_AGGRESSIVE;
				GCC_WARN_UNUSED_FUNCTION = YES;
				GCC_WARN_UNUSED_VARIABLE = YES;
				IPHONEOS_DEPLOYMENT_TARGET = 14.2;
				MTL_ENABLE_DEBUG_INFO = NO;
				MTL_FAST_MATH = YES;
				SDKROOT = iphoneos;
				SWIFT_COMPILATION_MODE = wholemodule;
				SWIFT_OPTIMIZATION_LEVEL = "-O";
				VALIDATE_PRODUCT = YES;
			};
			name = Release;
		};
		0F7E3A692587EED60080742A /* Debug */ = {
			isa = XCBuildConfiguration;
			buildSettings = {
				ASSETCATALOG_COMPILER_APPICON_NAME = AppIcon;
				ASSETCATALOG_COMPILER_GLOBAL_ACCENT_COLOR_NAME = AccentColor;
				CODE_SIGN_STYLE = Automatic;
				DEVELOPMENT_TEAM = 4C8S9U2CYL;
				INFOPLIST_FILE = FilmFest/Info.plist;
				LD_RUNPATH_SEARCH_PATHS = (
					"$(inherited)",
					"@executable_path/Frameworks",
				);
				PRODUCT_BUNDLE_IDENTIFIER = com.jeannchuab.FilmFest;
				PRODUCT_NAME = "$(TARGET_NAME)";
				SWIFT_VERSION = 5.0;
				TARGETED_DEVICE_FAMILY = "1,2";
			};
			name = Debug;
		};
		0F7E3A6A2587EED60080742A /* Release */ = {
			isa = XCBuildConfiguration;
			buildSettings = {
				ASSETCATALOG_COMPILER_APPICON_NAME = AppIcon;
				ASSETCATALOG_COMPILER_GLOBAL_ACCENT_COLOR_NAME = AccentColor;
				CODE_SIGN_STYLE = Automatic;
				DEVELOPMENT_TEAM = 4C8S9U2CYL;
				INFOPLIST_FILE = FilmFest/Info.plist;
				LD_RUNPATH_SEARCH_PATHS = (
					"$(inherited)",
					"@executable_path/Frameworks",
				);
				PRODUCT_BUNDLE_IDENTIFIER = com.jeannchuab.FilmFest;
				PRODUCT_NAME = "$(TARGET_NAME)";
				SWIFT_VERSION = 5.0;
				TARGETED_DEVICE_FAMILY = "1,2";
			};
			name = Release;
		};
		0F7E3A6C2587EED60080742A /* Debug */ = {
			isa = XCBuildConfiguration;
			buildSettings = {
				ALWAYS_EMBED_SWIFT_STANDARD_LIBRARIES = YES;
				BUNDLE_LOADER = "$(TEST_HOST)";
				CODE_SIGN_STYLE = Automatic;
				DEVELOPMENT_TEAM = 4C8S9U2CYL;
				INFOPLIST_FILE = FilmFestTests/Info.plist;
				IPHONEOS_DEPLOYMENT_TARGET = 14.2;
				LD_RUNPATH_SEARCH_PATHS = (
					"$(inherited)",
					"@executable_path/Frameworks",
					"@loader_path/Frameworks",
				);
				PRODUCT_BUNDLE_IDENTIFIER = com.jeannchuab.FilmFestTests;
				PRODUCT_NAME = "$(TARGET_NAME)";
				SWIFT_VERSION = 5.0;
				TARGETED_DEVICE_FAMILY = "1,2";
				TEST_HOST = "$(BUILT_PRODUCTS_DIR)/FilmFest.app/FilmFest";
			};
			name = Debug;
		};
		0F7E3A6D2587EED60080742A /* Release */ = {
			isa = XCBuildConfiguration;
			buildSettings = {
				ALWAYS_EMBED_SWIFT_STANDARD_LIBRARIES = YES;
				BUNDLE_LOADER = "$(TEST_HOST)";
				CODE_SIGN_STYLE = Automatic;
				DEVELOPMENT_TEAM = 4C8S9U2CYL;
				INFOPLIST_FILE = FilmFestTests/Info.plist;
				IPHONEOS_DEPLOYMENT_TARGET = 14.2;
				LD_RUNPATH_SEARCH_PATHS = (
					"$(inherited)",
					"@executable_path/Frameworks",
					"@loader_path/Frameworks",
				);
				PRODUCT_BUNDLE_IDENTIFIER = com.jeannchuab.FilmFestTests;
				PRODUCT_NAME = "$(TARGET_NAME)";
				SWIFT_VERSION = 5.0;
				TARGETED_DEVICE_FAMILY = "1,2";
				TEST_HOST = "$(BUILT_PRODUCTS_DIR)/FilmFest.app/FilmFest";
			};
			name = Release;
		};
		0F7E3A6F2587EED60080742A /* Debug */ = {
			isa = XCBuildConfiguration;
			buildSettings = {
				ALWAYS_EMBED_SWIFT_STANDARD_LIBRARIES = YES;
				CODE_SIGN_STYLE = Automatic;
				DEVELOPMENT_TEAM = 4C8S9U2CYL;
				INFOPLIST_FILE = FilmFestUITests/Info.plist;
				LD_RUNPATH_SEARCH_PATHS = (
					"$(inherited)",
					"@executable_path/Frameworks",
					"@loader_path/Frameworks",
				);
				PRODUCT_BUNDLE_IDENTIFIER = com.jeannchuab.FilmFestUITests;
				PRODUCT_NAME = "$(TARGET_NAME)";
				SWIFT_VERSION = 5.0;
				TARGETED_DEVICE_FAMILY = "1,2";
				TEST_TARGET_NAME = FilmFest;
			};
			name = Debug;
		};
		0F7E3A702587EED60080742A /* Release */ = {
			isa = XCBuildConfiguration;
			buildSettings = {
				ALWAYS_EMBED_SWIFT_STANDARD_LIBRARIES = YES;
				CODE_SIGN_STYLE = Automatic;
				DEVELOPMENT_TEAM = 4C8S9U2CYL;
				INFOPLIST_FILE = FilmFestUITests/Info.plist;
				LD_RUNPATH_SEARCH_PATHS = (
					"$(inherited)",
					"@executable_path/Frameworks",
					"@loader_path/Frameworks",
				);
				PRODUCT_BUNDLE_IDENTIFIER = com.jeannchuab.FilmFestUITests;
				PRODUCT_NAME = "$(TARGET_NAME)";
				SWIFT_VERSION = 5.0;
				TARGETED_DEVICE_FAMILY = "1,2";
				TEST_TARGET_NAME = FilmFest;
			};
			name = Release;
		};
/* End XCBuildConfiguration section */

/* Begin XCConfigurationList section */
		0F7E3A392587EED40080742A /* Build configuration list for PBXProject "FilmFest" */ = {
			isa = XCConfigurationList;
			buildConfigurations = (
				0F7E3A662587EED60080742A /* Debug */,
				0F7E3A672587EED60080742A /* Release */,
			);
			defaultConfigurationIsVisible = 0;
			defaultConfigurationName = Release;
		};
		0F7E3A682587EED60080742A /* Build configuration list for PBXNativeTarget "FilmFest" */ = {
			isa = XCConfigurationList;
			buildConfigurations = (
				0F7E3A692587EED60080742A /* Debug */,
				0F7E3A6A2587EED60080742A /* Release */,
			);
			defaultConfigurationIsVisible = 0;
			defaultConfigurationName = Release;
		};
		0F7E3A6B2587EED60080742A /* Build configuration list for PBXNativeTarget "FilmFestTests" */ = {
			isa = XCConfigurationList;
			buildConfigurations = (
				0F7E3A6C2587EED60080742A /* Debug */,
				0F7E3A6D2587EED60080742A /* Release */,
			);
			defaultConfigurationIsVisible = 0;
			defaultConfigurationName = Release;
		};
		0F7E3A6E2587EED60080742A /* Build configuration list for PBXNativeTarget "FilmFestUITests" */ = {
			isa = XCConfigurationList;
			buildConfigurations = (
				0F7E3A6F2587EED60080742A /* Debug */,
				0F7E3A702587EED60080742A /* Release */,
			);
			defaultConfigurationIsVisible = 0;
			defaultConfigurationName = Release;
		};
/* End XCConfigurationList section */
	};
	rootObject = 0F7E3A362587EED40080742A /* Project object */;
}
